// !$*UTF8*$!
{
	archiveVersion = 1;
	classes = {
	};
	objectVersion = 56;
	objects = {

/* Begin PBXBuildFile section */
		AC33CB2E297022CF0034A660 /* LearningApp.swift in Sources */ = {isa = PBXBuildFile; fileRef = AC33CB2D297022CF0034A660 /* LearningApp.swift */; };
		AC33CB30297022CF0034A660 /* HomeView.swift in Sources */ = {isa = PBXBuildFile; fileRef = AC33CB2F297022CF0034A660 /* HomeView.swift */; };
		AC33CB32297022D00034A660 /* Assets.xcassets in Resources */ = {isa = PBXBuildFile; fileRef = AC33CB31297022D00034A660 /* Assets.xcassets */; };
		AC33CB35297022D00034A660 /* Preview Assets.xcassets in Resources */ = {isa = PBXBuildFile; fileRef = AC33CB34297022D00034A660 /* Preview Assets.xcassets */; };
		AC33CB42297025C70034A660 /* ContentModel.swift in Sources */ = {isa = PBXBuildFile; fileRef = AC33CB41297025C70034A660 /* ContentModel.swift */; };
		AC59FC1E2970296100A55705 /* data.json in Resources */ = {isa = PBXBuildFile; fileRef = AC59FC1C2970296100A55705 /* data.json */; };
		AC59FC1F2970296100A55705 /* style.html in Resources */ = {isa = PBXBuildFile; fileRef = AC59FC1D2970296100A55705 /* style.html */; };
		AC59FC2129702EE000A55705 /* Models.swift in Sources */ = {isa = PBXBuildFile; fileRef = AC59FC2029702EE000A55705 /* Models.swift */; };
		AC59FC23297179AB00A55705 /* HomeViewRow.swift in Sources */ = {isa = PBXBuildFile; fileRef = AC59FC22297179AB00A55705 /* HomeViewRow.swift */; };
		AC59FC252971905700A55705 /* ContentView.swift in Sources */ = {isa = PBXBuildFile; fileRef = AC59FC242971905700A55705 /* ContentView.swift */; };
		AC59FC272974825B00A55705 /* ContentViewRow.swift in Sources */ = {isa = PBXBuildFile; fileRef = AC59FC262974825B00A55705 /* ContentViewRow.swift */; };
		AC59FC29297485CE00A55705 /* ContentDetailView.swift in Sources */ = {isa = PBXBuildFile; fileRef = AC59FC28297485CE00A55705 /* ContentDetailView.swift */; };
/* End PBXBuildFile section */

/* Begin PBXFileReference section */
		AC33CB2A297022CF0034A660 /* LearningApp.app */ = {isa = PBXFileReference; explicitFileType = wrapper.application; includeInIndex = 0; path = LearningApp.app; sourceTree = BUILT_PRODUCTS_DIR; };
		AC33CB2D297022CF0034A660 /* LearningApp.swift */ = {isa = PBXFileReference; lastKnownFileType = sourcecode.swift; path = LearningApp.swift; sourceTree = "<group>"; };
		AC33CB2F297022CF0034A660 /* HomeView.swift */ = {isa = PBXFileReference; lastKnownFileType = sourcecode.swift; path = HomeView.swift; sourceTree = "<group>"; };
		AC33CB31297022D00034A660 /* Assets.xcassets */ = {isa = PBXFileReference; lastKnownFileType = folder.assetcatalog; path = Assets.xcassets; sourceTree = "<group>"; };
		AC33CB34297022D00034A660 /* Preview Assets.xcassets */ = {isa = PBXFileReference; lastKnownFileType = folder.assetcatalog; path = "Preview Assets.xcassets"; sourceTree = "<group>"; };
		AC33CB41297025C70034A660 /* ContentModel.swift */ = {isa = PBXFileReference; lastKnownFileType = sourcecode.swift; path = ContentModel.swift; sourceTree = "<group>"; };
		AC59FC1C2970296100A55705 /* data.json */ = {isa = PBXFileReference; fileEncoding = 4; lastKnownFileType = text.json; path = data.json; sourceTree = "<group>"; };
		AC59FC1D2970296100A55705 /* style.html */ = {isa = PBXFileReference; fileEncoding = 4; lastKnownFileType = text.html; path = style.html; sourceTree = "<group>"; };
		AC59FC2029702EE000A55705 /* Models.swift */ = {isa = PBXFileReference; lastKnownFileType = sourcecode.swift; path = Models.swift; sourceTree = "<group>"; };
		AC59FC22297179AB00A55705 /* HomeViewRow.swift */ = {isa = PBXFileReference; lastKnownFileType = sourcecode.swift; path = HomeViewRow.swift; sourceTree = "<group>"; };
		AC59FC242971905700A55705 /* ContentView.swift */ = {isa = PBXFileReference; lastKnownFileType = sourcecode.swift; path = ContentView.swift; sourceTree = "<group>"; };
		AC59FC262974825B00A55705 /* ContentViewRow.swift */ = {isa = PBXFileReference; lastKnownFileType = sourcecode.swift; path = ContentViewRow.swift; sourceTree = "<group>"; };
		AC59FC28297485CE00A55705 /* ContentDetailView.swift */ = {isa = PBXFileReference; lastKnownFileType = sourcecode.swift; path = ContentDetailView.swift; sourceTree = "<group>"; };
/* End PBXFileReference section */

/* Begin PBXFrameworksBuildPhase section */
		AC33CB27297022CF0034A660 /* Frameworks */ = {
			isa = PBXFrameworksBuildPhase;
			buildActionMask = 2147483647;
			files = (
			);
			runOnlyForDeploymentPostprocessing = 0;
		};
/* End PBXFrameworksBuildPhase section */

/* Begin PBXGroup section */
		AC33CB21297022CF0034A660 = {
			isa = PBXGroup;
			children = (
				AC33CB2C297022CF0034A660 /* LearningApp */,
				AC33CB2B297022CF0034A660 /* Products */,
			);
			sourceTree = "<group>";
		};
		AC33CB2B297022CF0034A660 /* Products */ = {
			isa = PBXGroup;
			children = (
				AC33CB2A297022CF0034A660 /* LearningApp.app */,
			);
			name = Products;
			sourceTree = "<group>";
		};
		AC33CB2C297022CF0034A660 /* LearningApp */ = {
			isa = PBXGroup;
			children = (
				AC33CB2D297022CF0034A660 /* LearningApp.swift */,
				AC33CB3C297025550034A660 /* Views */,
				AC33CB3D2970255F0034A660 /* ViewModels */,
				AC33CB3E297025660034A660 /* Models */,
				AC33CB3F297025740034A660 /* Resources */,
				AC33CB40297025800034A660 /* Helpers */,
				AC33CB31297022D00034A660 /* Assets.xcassets */,
				AC33CB33297022D00034A660 /* Preview Content */,
			);
			path = LearningApp;
			sourceTree = "<group>";
		};
		AC33CB33297022D00034A660 /* Preview Content */ = {
			isa = PBXGroup;
			children = (
				AC33CB34297022D00034A660 /* Preview Assets.xcassets */,
			);
			path = "Preview Content";
			sourceTree = "<group>";
		};
		AC33CB3C297025550034A660 /* Views */ = {
			isa = PBXGroup;
			children = (
				AC33CB2F297022CF0034A660 /* HomeView.swift */,
				AC59FC22297179AB00A55705 /* HomeViewRow.swift */,
				AC59FC242971905700A55705 /* ContentView.swift */,
				AC59FC262974825B00A55705 /* ContentViewRow.swift */,
				AC59FC28297485CE00A55705 /* ContentDetailView.swift */,
			);
			path = Views;
			sourceTree = "<group>";
		};
		AC33CB3D2970255F0034A660 /* ViewModels */ = {
			isa = PBXGroup;
			children = (
				AC33CB41297025C70034A660 /* ContentModel.swift */,
			);
			path = ViewModels;
			sourceTree = "<group>";
		};
		AC33CB3E297025660034A660 /* Models */ = {
			isa = PBXGroup;
			children = (
				AC59FC2029702EE000A55705 /* Models.swift */,
			);
			path = Models;
			sourceTree = "<group>";
		};
		AC33CB3F297025740034A660 /* Resources */ = {
			isa = PBXGroup;
			children = (
				AC59FC1C2970296100A55705 /* data.json */,
				AC59FC1D2970296100A55705 /* style.html */,
			);
			path = Resources;
			sourceTree = "<group>";
		};
		AC33CB40297025800034A660 /* Helpers */ = {
			isa = PBXGroup;
			children = (
			);
			path = Helpers;
			sourceTree = "<group>";
		};
/* End PBXGroup section */

/* Begin PBXNativeTarget section */
		AC33CB29297022CF0034A660 /* LearningApp */ = {
			isa = PBXNativeTarget;
			buildConfigurationList = AC33CB38297022D00034A660 /* Build configuration list for PBXNativeTarget "LearningApp" */;
			buildPhases = (
				AC33CB26297022CF0034A660 /* Sources */,
				AC33CB27297022CF0034A660 /* Frameworks */,
				AC33CB28297022CF0034A660 /* Resources */,
			);
			buildRules = (
			);
			dependencies = (
			);
			name = LearningApp;
			productName = LearningApp;
			productReference = AC33CB2A297022CF0034A660 /* LearningApp.app */;
			productType = "com.apple.product-type.application";
		};
/* End PBXNativeTarget section */

/* Begin PBXProject section */
		AC33CB22297022CF0034A660 /* Project object */ = {
			isa = PBXProject;
			attributes = {
				BuildIndependentTargetsInParallel = 1;
				LastSwiftUpdateCheck = 1420;
				LastUpgradeCheck = 1420;
				TargetAttributes = {
					AC33CB29297022CF0034A660 = {
						CreatedOnToolsVersion = 14.2;
					};
				};
			};
			buildConfigurationList = AC33CB25297022CF0034A660 /* Build configuration list for PBXProject "LearningApp" */;
			compatibilityVersion = "Xcode 14.0";
			developmentRegion = en;
			hasScannedForEncodings = 0;
			knownRegions = (
				en,
				Base,
			);
			mainGroup = AC33CB21297022CF0034A660;
			productRefGroup = AC33CB2B297022CF0034A660 /* Products */;
			projectDirPath = "";
			projectRoot = "";
			targets = (
				AC33CB29297022CF0034A660 /* LearningApp */,
			);
		};
/* End PBXProject section */

/* Begin PBXResourcesBuildPhase section */
		AC33CB28297022CF0034A660 /* Resources */ = {
			isa = PBXResourcesBuildPhase;
			buildActionMask = 2147483647;
			files = (
				AC33CB35297022D00034A660 /* Preview Assets.xcassets in Resources */,
				AC59FC1E2970296100A55705 /* data.json in Resources */,
				AC59FC1F2970296100A55705 /* style.html in Resources */,
				AC33CB32297022D00034A660 /* Assets.xcassets in Resources */,
			);
			runOnlyForDeploymentPostprocessing = 0;
		};
/* End PBXResourcesBuildPhase section */

/* Begin PBXSourcesBuildPhase section */
		AC33CB26297022CF0034A660 /* Sources */ = {
			isa = PBXSourcesBuildPhase;
			buildActionMask = 2147483647;
			files = (
				AC33CB30297022CF0034A660 /* HomeView.swift in Sources */,
				AC59FC23297179AB00A55705 /* HomeViewRow.swift in Sources */,
				AC59FC252971905700A55705 /* ContentView.swift in Sources */,
				AC59FC29297485CE00A55705 /* ContentDetailView.swift in Sources */,
				AC33CB2E297022CF0034A660 /* LearningApp.swift in Sources */,
				AC59FC272974825B00A55705 /* ContentViewRow.swift in Sources */,
				AC33CB42297025C70034A660 /* ContentModel.swift in Sources */,
				AC59FC2129702EE000A55705 /* Models.swift in Sources */,
			);
			runOnlyForDeploymentPostprocessing = 0;
		};
/* End PBXSourcesBuildPhase section */

/* Begin XCBuildConfiguration section */
		AC33CB36297022D00034A660 /* Debug */ = {
			isa = XCBuildConfiguration;
			buildSettings = {
				ALWAYS_SEARCH_USER_PATHS = NO;
				CLANG_ANALYZER_NONNULL = YES;
				CLANG_ANALYZER_NUMBER_OBJECT_CONVERSION = YES_AGGRESSIVE;
				CLANG_CXX_LANGUAGE_STANDARD = "gnu++20";
				CLANG_ENABLE_MODULES = YES;
				CLANG_ENABLE_OBJC_ARC = YES;
				CLANG_ENABLE_OBJC_WEAK = YES;
				CLANG_WARN_BLOCK_CAPTURE_AUTORELEASING = YES;
				CLANG_WARN_BOOL_CONVERSION = YES;
				CLANG_WARN_COMMA = YES;
				CLANG_WARN_CONSTANT_CONVERSION = YES;
				CLANG_WARN_DEPRECATED_OBJC_IMPLEMENTATIONS = YES;
				CLANG_WARN_DIRECT_OBJC_ISA_USAGE = YES_ERROR;
				CLANG_WARN_DOCUMENTATION_COMMENTS = YES;
				CLANG_WARN_EMPTY_BODY = YES;
				CLANG_WARN_ENUM_CONVERSION = YES;
				CLANG_WARN_INFINITE_RECURSION = YES;
				CLANG_WARN_INT_CONVERSION = YES;
				CLANG_WARN_NON_LITERAL_NULL_CONVERSION = YES;
				CLANG_WARN_OBJC_IMPLICIT_RETAIN_SELF = YES;
				CLANG_WARN_OBJC_LITERAL_CONVERSION = YES;
				CLANG_WARN_OBJC_ROOT_CLASS = YES_ERROR;
				CLANG_WARN_QUOTED_INCLUDE_IN_FRAMEWORK_HEADER = YES;
				CLANG_WARN_RANGE_LOOP_ANALYSIS = YES;
				CLANG_WARN_STRICT_PROTOTYPES = YES;
				CLANG_WARN_SUSPICIOUS_MOVE = YES;
				CLANG_WARN_UNGUARDED_AVAILABILITY = YES_AGGRESSIVE;
				CLANG_WARN_UNREACHABLE_CODE = YES;
				CLANG_WARN__DUPLICATE_METHOD_MATCH = YES;
				COPY_PHASE_STRIP = NO;
				DEBUG_INFORMATION_FORMAT = dwarf;
				ENABLE_STRICT_OBJC_MSGSEND = YES;
				ENABLE_TESTABILITY = YES;
				GCC_C_LANGUAGE_STANDARD = gnu11;
				GCC_DYNAMIC_NO_PIC = NO;
				GCC_NO_COMMON_BLOCKS = YES;
				GCC_OPTIMIZATION_LEVEL = 0;
				GCC_PREPROCESSOR_DEFINITIONS = (
					"DEBUG=1",
					"$(inherited)",
				);
				GCC_WARN_64_TO_32_BIT_CONVERSION = YES;
				GCC_WARN_ABOUT_RETURN_TYPE = YES_ERROR;
				GCC_WARN_UNDECLARED_SELECTOR = YES;
				GCC_WARN_UNINITIALIZED_AUTOS = YES_AGGRESSIVE;
				GCC_WARN_UNUSED_FUNCTION = YES;
				GCC_WARN_UNUSED_VARIABLE = YES;
				IPHONEOS_DEPLOYMENT_TARGET = 16.2;
				MTL_ENABLE_DEBUG_INFO = INCLUDE_SOURCE;
				MTL_FAST_MATH = YES;
				ONLY_ACTIVE_ARCH = YES;
				SDKROOT = iphoneos;
				SWIFT_ACTIVE_COMPILATION_CONDITIONS = DEBUG;
				SWIFT_OPTIMIZATION_LEVEL = "-Onone";
			};
			name = Debug;
		};
		AC33CB37297022D00034A660 /* Release */ = {
			isa = XCBuildConfiguration;
			buildSettings = {
				ALWAYS_SEARCH_USER_PATHS = NO;
				CLANG_ANALYZER_NONNULL = YES;
				CLANG_ANALYZER_NUMBER_OBJECT_CONVERSION = YES_AGGRESSIVE;
				CLANG_CXX_LANGUAGE_STANDARD = "gnu++20";
				CLANG_ENABLE_MODULES = YES;
				CLANG_ENABLE_OBJC_ARC = YES;
				CLANG_ENABLE_OBJC_WEAK = YES;
				CLANG_WARN_BLOCK_CAPTURE_AUTORELEASING = YES;
				CLANG_WARN_BOOL_CONVERSION = YES;
				CLANG_WARN_COMMA = YES;
				CLANG_WARN_CONSTANT_CONVERSION = YES;
				CLANG_WARN_DEPRECATED_OBJC_IMPLEMENTATIONS = YES;
				CLANG_WARN_DIRECT_OBJC_ISA_USAGE = YES_ERROR;
				CLANG_WARN_DOCUMENTATION_COMMENTS = YES;
				CLANG_WARN_EMPTY_BODY = YES;
				CLANG_WARN_ENUM_CONVERSION = YES;
				CLANG_WARN_INFINITE_RECURSION = YES;
				CLANG_WARN_INT_CONVERSION = YES;
				CLANG_WARN_NON_LITERAL_NULL_CONVERSION = YES;
				CLANG_WARN_OBJC_IMPLICIT_RETAIN_SELF = YES;
				CLANG_WARN_OBJC_LITERAL_CONVERSION = YES;
				CLANG_WARN_OBJC_ROOT_CLASS = YES_ERROR;
				CLANG_WARN_QUOTED_INCLUDE_IN_FRAMEWORK_HEADER = YES;
				CLANG_WARN_RANGE_LOOP_ANALYSIS = YES;
				CLANG_WARN_STRICT_PROTOTYPES = YES;
				CLANG_WARN_SUSPICIOUS_MOVE = YES;
				CLANG_WARN_UNGUARDED_AVAILABILITY = YES_AGGRESSIVE;
				CLANG_WARN_UNREACHABLE_CODE = YES;
				CLANG_WARN__DUPLICATE_METHOD_MATCH = YES;
				COPY_PHASE_STRIP = NO;
				DEBUG_INFORMATION_FORMAT = "dwarf-with-dsym";
				ENABLE_NS_ASSERTIONS = NO;
				ENABLE_STRICT_OBJC_MSGSEND = YES;
				GCC_C_LANGUAGE_STANDARD = gnu11;
				GCC_NO_COMMON_BLOCKS = YES;
				GCC_WARN_64_TO_32_BIT_CONVERSION = YES;
				GCC_WARN_ABOUT_RETURN_TYPE = YES_ERROR;
				GCC_WARN_UNDECLARED_SELECTOR = YES;
				GCC_WARN_UNINITIALIZED_AUTOS = YES_AGGRESSIVE;
				GCC_WARN_UNUSED_FUNCTION = YES;
				GCC_WARN_UNUSED_VARIABLE = YES;
				IPHONEOS_DEPLOYMENT_TARGET = 16.2;
				MTL_ENABLE_DEBUG_INFO = NO;
				MTL_FAST_MATH = YES;
				SDKROOT = iphoneos;
				SWIFT_COMPILATION_MODE = wholemodule;
				SWIFT_OPTIMIZATION_LEVEL = "-O";
				VALIDATE_PRODUCT = YES;
			};
			name = Release;
		};
		AC33CB39297022D00034A660 /* Debug */ = {
			isa = XCBuildConfiguration;
			buildSettings = {
				ASSETCATALOG_COMPILER_APPICON_NAME = AppIcon;
				ASSETCATALOG_COMPILER_GLOBAL_ACCENT_COLOR_NAME = AccentColor;
				CODE_SIGN_STYLE = Automatic;
				CURRENT_PROJECT_VERSION = 1;
				DEVELOPMENT_ASSET_PATHS = "\"LearningApp/Preview Content\"";
				ENABLE_PREVIEWS = YES;
				GENERATE_INFOPLIST_FILE = YES;
				INFOPLIST_KEY_UIApplicationSceneManifest_Generation = YES;
				INFOPLIST_KEY_UIApplicationSupportsIndirectInputEvents = YES;
				INFOPLIST_KEY_UILaunchScreen_Generation = YES;
				INFOPLIST_KEY_UISupportedInterfaceOrientations_iPad = "UIInterfaceOrientationPortrait UIInterfaceOrientationPortraitUpsideDown UIInterfaceOrientationLandscapeLeft UIInterfaceOrientationLandscapeRight";
				INFOPLIST_KEY_UISupportedInterfaceOrientations_iPhone = "UIInterfaceOrientationPortrait UIInterfaceOrientationLandscapeLeft UIInterfaceOrientationLandscapeRight";
				LD_RUNPATH_SEARCH_PATHS = (
					"$(inherited)",
					"@executable_path/Frameworks",
				);
				MARKETING_VERSION = 1.0;
				PRODUCT_BUNDLE_IDENTIFIER = walread.LearningApp;
				PRODUCT_NAME = "$(TARGET_NAME)";
				SWIFT_EMIT_LOC_STRINGS = YES;
				SWIFT_VERSION = 5.0;
				TARGETED_DEVICE_FAMILY = "1,2";
			};
			name = Debug;
		};
		AC33CB3A297022D00034A660 /* Release */ = {
			isa = XCBuildConfiguration;
			buildSettings = {
				ASSETCATALOG_COMPILER_APPICON_NAME = AppIcon;
				ASSETCATALOG_COMPILER_GLOBAL_ACCENT_COLOR_NAME = AccentColor;
				CODE_SIGN_STYLE = Automatic;
				CURRENT_PROJECT_VERSION = 1;
				DEVELOPMENT_ASSET_PATHS = "\"LearningApp/Preview Content\"";
				ENABLE_PREVIEWS = YES;
				GENERATE_INFOPLIST_FILE = YES;
				INFOPLIST_KEY_UIApplicationSceneManifest_Generation = YES;
				INFOPLIST_KEY_UIApplicationSupportsIndirectInputEvents = YES;
				INFOPLIST_KEY_UILaunchScreen_Generation = YES;
				INFOPLIST_KEY_UISupportedInterfaceOrientations_iPad = "UIInterfaceOrientationPortrait UIInterfaceOrientationPortraitUpsideDown UIInterfaceOrientationLandscapeLeft UIInterfaceOrientationLandscapeRight";
				INFOPLIST_KEY_UISupportedInterfaceOrientations_iPhone = "UIInterfaceOrientationPortrait UIInterfaceOrientationLandscapeLeft UIInterfaceOrientationLandscapeRight";
				LD_RUNPATH_SEARCH_PATHS = (
					"$(inherited)",
					"@executable_path/Frameworks",
				);
				MARKETING_VERSION = 1.0;
				PRODUCT_BUNDLE_IDENTIFIER = walread.LearningApp;
				PRODUCT_NAME = "$(TARGET_NAME)";
				SWIFT_EMIT_LOC_STRINGS = YES;
				SWIFT_VERSION = 5.0;
				TARGETED_DEVICE_FAMILY = "1,2";
			};
			name = Release;
		};
/* End XCBuildConfiguration section */

/* Begin XCConfigurationList section */
		AC33CB25297022CF0034A660 /* Build configuration list for PBXProject "LearningApp" */ = {
			isa = XCConfigurationList;
			buildConfigurations = (
				AC33CB36297022D00034A660 /* Debug */,
				AC33CB37297022D00034A660 /* Release */,
			);
			defaultConfigurationIsVisible = 0;
			defaultConfigurationName = Release;
		};
		AC33CB38297022D00034A660 /* Build configuration list for PBXNativeTarget "LearningApp" */ = {
			isa = XCConfigurationList;
			buildConfigurations = (
				AC33CB39297022D00034A660 /* Debug */,
				AC33CB3A297022D00034A660 /* Release */,
			);
			defaultConfigurationIsVisible = 0;
			defaultConfigurationName = Release;
		};
/* End XCConfigurationList section */
	};
	rootObject = AC33CB22297022CF0034A660 /* Project object */;
}
